// !$*UTF8*$!
{
	archiveVersion = 1;
	classes = {
	};
	objectVersion = 46;
	objects = {

/* Begin PBXBuildFile section */
		A7D6E4331C1A47110003E78E /* TunaFishViewController.m in Sources */ = {isa = PBXBuildFile; fileRef = A7D6E4321C1A47110003E78E /* TunaFishViewController.m */; };
		A7F731471C19ED9D00EE2650 /* main.m in Sources */ = {isa = PBXBuildFile; fileRef = A7F731461C19ED9D00EE2650 /* main.m */; };
		A7F7314A1C19ED9D00EE2650 /* AppDelegate.m in Sources */ = {isa = PBXBuildFile; fileRef = A7F731491C19ED9D00EE2650 /* AppDelegate.m */; };
		A7F7314D1C19ED9D00EE2650 /* Implementing_Calculations.xcdatamodeld in Sources */ = {isa = PBXBuildFile; fileRef = A7F7314B1C19ED9D00EE2650 /* Implementing_Calculations.xcdatamodeld */; };
		A7F731501C19ED9D00EE2650 /* ViewController.m in Sources */ = {isa = PBXBuildFile; fileRef = A7F7314F1C19ED9D00EE2650 /* ViewController.m */; };
		A7F731531C19ED9D00EE2650 /* Main.storyboard in Resources */ = {isa = PBXBuildFile; fileRef = A7F731511C19ED9D00EE2650 /* Main.storyboard */; };
		A7F731551C19ED9D00EE2650 /* Images.xcassets in Resources */ = {isa = PBXBuildFile; fileRef = A7F731541C19ED9D00EE2650 /* Images.xcassets */; };
		A7F731581C19ED9D00EE2650 /* LaunchScreen.xib in Resources */ = {isa = PBXBuildFile; fileRef = A7F731561C19ED9D00EE2650 /* LaunchScreen.xib */; };
		A7F731641C19ED9D00EE2650 /* Implementing_CalculationsTests.m in Sources */ = {isa = PBXBuildFile; fileRef = A7F731631C19ED9D00EE2650 /* Implementing_CalculationsTests.m */; };
/* End PBXBuildFile section */

/* Begin PBXContainerItemProxy section */
		A7F7315E1C19ED9D00EE2650 /* PBXContainerItemProxy */ = {
			isa = PBXContainerItemProxy;
			containerPortal = A7F731391C19ED9D00EE2650 /* Project object */;
			proxyType = 1;
			remoteGlobalIDString = A7F731401C19ED9D00EE2650;
			remoteInfo = "Implementing Calculations";
		};
/* End PBXContainerItemProxy section */

/* Begin PBXFileReference section */
		A7D6E4311C1A47110003E78E /* TunaFishViewController.h */ = {isa = PBXFileReference; fileEncoding = 4; lastKnownFileType = sourcecode.c.h; path = TunaFishViewController.h; sourceTree = "<group>"; };
		A7D6E4321C1A47110003E78E /* TunaFishViewController.m */ = {isa = PBXFileReference; fileEncoding = 4; lastKnownFileType = sourcecode.c.objc; path = TunaFishViewController.m; sourceTree = "<group>"; };
		A7F731411C19ED9D00EE2650 /* Implementing Calculations.app */ = {isa = PBXFileReference; explicitFileType = wrapper.application; includeInIndex = 0; path = "Implementing Calculations.app"; sourceTree = BUILT_PRODUCTS_DIR; };
		A7F731451C19ED9D00EE2650 /* Info.plist */ = {isa = PBXFileReference; lastKnownFileType = text.plist.xml; path = Info.plist; sourceTree = "<group>"; };
		A7F731461C19ED9D00EE2650 /* main.m */ = {isa = PBXFileReference; lastKnownFileType = sourcecode.c.objc; path = main.m; sourceTree = "<group>"; };
		A7F731481C19ED9D00EE2650 /* AppDelegate.h */ = {isa = PBXFileReference; lastKnownFileType = sourcecode.c.h; path = AppDelegate.h; sourceTree = "<group>"; };
		A7F731491C19ED9D00EE2650 /* AppDelegate.m */ = {isa = PBXFileReference; lastKnownFileType = sourcecode.c.objc; path = AppDelegate.m; sourceTree = "<group>"; };
		A7F7314C1C19ED9D00EE2650 /* Implementing_Calculations.xcdatamodel */ = {isa = PBXFileReference; lastKnownFileType = wrapper.xcdatamodel; path = Implementing_Calculations.xcdatamodel; sourceTree = "<group>"; };
		A7F7314E1C19ED9D00EE2650 /* ViewController.h */ = {isa = PBXFileReference; lastKnownFileType = sourcecode.c.h; path = ViewController.h; sourceTree = "<group>"; };
		A7F7314F1C19ED9D00EE2650 /* ViewController.m */ = {isa = PBXFileReference; lastKnownFileType = sourcecode.c.objc; path = ViewController.m; sourceTree = "<group>"; };
		A7F731521C19ED9D00EE2650 /* Base */ = {isa = PBXFileReference; lastKnownFileType = file.storyboard; name = Base; path = Base.lproj/Main.storyboard; sourceTree = "<group>"; };
		A7F731541C19ED9D00EE2650 /* Images.xcassets */ = {isa = PBXFileReference; lastKnownFileType = folder.assetcatalog; path = Images.xcassets; sourceTree = "<group>"; };
		A7F731571C19ED9D00EE2650 /* Base */ = {isa = PBXFileReference; lastKnownFileType = file.xib; name = Base; path = Base.lproj/LaunchScreen.xib; sourceTree = "<group>"; };
		A7F7315D1C19ED9D00EE2650 /* Implementing CalculationsTests.xctest */ = {isa = PBXFileReference; explicitFileType = wrapper.cfbundle; includeInIndex = 0; path = "Implementing CalculationsTests.xctest"; sourceTree = BUILT_PRODUCTS_DIR; };
		A7F731621C19ED9D00EE2650 /* Info.plist */ = {isa = PBXFileReference; lastKnownFileType = text.plist.xml; path = Info.plist; sourceTree = "<group>"; };
		A7F731631C19ED9D00EE2650 /* Implementing_CalculationsTests.m */ = {isa = PBXFileReference; lastKnownFileType = sourcecode.c.objc; path = Implementing_CalculationsTests.m; sourceTree = "<group>"; };
/* End PBXFileReference section */

/* Begin PBXFrameworksBuildPhase section */
		A7F7313E1C19ED9D00EE2650 /* Frameworks */ = {
			isa = PBXFrameworksBuildPhase;
			buildActionMask = 2147483647;
			files = (
			);
			runOnlyForDeploymentPostprocessing = 0;
		};
		A7F7315A1C19ED9D00EE2650 /* Frameworks */ = {
			isa = PBXFrameworksBuildPhase;
			buildActionMask = 2147483647;
			files = (
			);
			runOnlyForDeploymentPostprocessing = 0;
		};
/* End PBXFrameworksBuildPhase section */

/* Begin PBXGroup section */
		A7F731381C19ED9D00EE2650 = {
			isa = PBXGroup;
			children = (
				A7F731431C19ED9D00EE2650 /* Implementing Calculations */,
				A7F731601C19ED9D00EE2650 /* Implementing CalculationsTests */,
				A7F731421C19ED9D00EE2650 /* Products */,
			);
			sourceTree = "<group>";
		};
		A7F731421C19ED9D00EE2650 /* Products */ = {
			isa = PBXGroup;
			children = (
				A7F731411C19ED9D00EE2650 /* Implementing Calculations.app */,
				A7F7315D1C19ED9D00EE2650 /* Implementing CalculationsTests.xctest */,
			);
			name = Products;
			sourceTree = "<group>";
		};
		A7F731431C19ED9D00EE2650 /* Implementing Calculations */ = {
			isa = PBXGroup;
			children = (
				A7F731481C19ED9D00EE2650 /* AppDelegate.h */,
				A7F731491C19ED9D00EE2650 /* AppDelegate.m */,
				A7F7314E1C19ED9D00EE2650 /* ViewController.h */,
				A7F7314F1C19ED9D00EE2650 /* ViewController.m */,
				A7D6E4311C1A47110003E78E /* TunaFishViewController.h */,
				A7D6E4321C1A47110003E78E /* TunaFishViewController.m */,
				A7F731511C19ED9D00EE2650 /* Main.storyboard */,
				A7F731541C19ED9D00EE2650 /* Images.xcassets */,
				A7F731561C19ED9D00EE2650 /* LaunchScreen.xib */,
				A7F7314B1C19ED9D00EE2650 /* Implementing_Calculations.xcdatamodeld */,
				A7F731441C19ED9D00EE2650 /* Supporting Files */,
			);
			path = "Implementing Calculations";
			sourceTree = "<group>";
		};
		A7F731441C19ED9D00EE2650 /* Supporting Files */ = {
			isa = PBXGroup;
			children = (
				A7F731451C19ED9D00EE2650 /* Info.plist */,
				A7F731461C19ED9D00EE2650 /* main.m */,
			);
			name = "Supporting Files";
			sourceTree = "<group>";
		};
		A7F731601C19ED9D00EE2650 /* Implementing CalculationsTests */ = {
			isa = PBXGroup;
			children = (
				A7F731631C19ED9D00EE2650 /* Implementing_CalculationsTests.m */,
				A7F731611C19ED9D00EE2650 /* Supporting Files */,
			);
			path = "Implementing CalculationsTests";
			sourceTree = "<group>";
		};
		A7F731611C19ED9D00EE2650 /* Supporting Files */ = {
			isa = PBXGroup;
			children = (
				A7F731621C19ED9D00EE2650 /* Info.plist */,
			);
			name = "Supporting Files";
			sourceTree = "<group>";
		};
/* End PBXGroup section */

/* Begin PBXNativeTarget section */
		A7F731401C19ED9D00EE2650 /* Implementing Calculations */ = {
			isa = PBXNativeTarget;
			buildConfigurationList = A7F731671C19ED9D00EE2650 /* Build configuration list for PBXNativeTarget "Implementing Calculations" */;
			buildPhases = (
				A7F7313D1C19ED9D00EE2650 /* Sources */,
				A7F7313E1C19ED9D00EE2650 /* Frameworks */,
				A7F7313F1C19ED9D00EE2650 /* Resources */,
			);
			buildRules = (
			);
			dependencies = (
			);
			name = "Implementing Calculations";
			productName = "Implementing Calculations";
			productReference = A7F731411C19ED9D00EE2650 /* Implementing Calculations.app */;
			productType = "com.apple.product-type.application";
		};
		A7F7315C1C19ED9D00EE2650 /* Implementing CalculationsTests */ = {
			isa = PBXNativeTarget;
			buildConfigurationList = A7F7316A1C19ED9D00EE2650 /* Build configuration list for PBXNativeTarget "Implementing CalculationsTests" */;
			buildPhases = (
				A7F731591C19ED9D00EE2650 /* Sources */,
				A7F7315A1C19ED9D00EE2650 /* Frameworks */,
				A7F7315B1C19ED9D00EE2650 /* Resources */,
			);
			buildRules = (
			);
			dependencies = (
				A7F7315F1C19ED9D00EE2650 /* PBXTargetDependency */,
			);
			name = "Implementing CalculationsTests";
			productName = "Implementing CalculationsTests";
			productReference = A7F7315D1C19ED9D00EE2650 /* Implementing CalculationsTests.xctest */;
			productType = "com.apple.product-type.bundle.unit-test";
		};
/* End PBXNativeTarget section */

/* Begin PBXProject section */
		A7F731391C19ED9D00EE2650 /* Project object */ = {
			isa = PBXProject;
			attributes = {
				LastUpgradeCheck = 0640;
				ORGANIZATIONNAME = "Dallas S Matthews";
				TargetAttributes = {
					A7F731401C19ED9D00EE2650 = {
						CreatedOnToolsVersion = 6.4;
					};
					A7F7315C1C19ED9D00EE2650 = {
						CreatedOnToolsVersion = 6.4;
						TestTargetID = A7F731401C19ED9D00EE2650;
					};
				};
			};
			buildConfigurationList = A7F7313C1C19ED9D00EE2650 /* Build configuration list for PBXProject "Implementing Calculations" */;
			compatibilityVersion = "Xcode 3.2";
			developmentRegion = English;
			hasScannedForEncodings = 0;
			knownRegions = (
				en,
				Base,
			);
			mainGroup = A7F731381C19ED9D00EE2650;
			productRefGroup = A7F731421C19ED9D00EE2650 /* Products */;
			projectDirPath = "";
			projectRoot = "";
			targets = (
				A7F731401C19ED9D00EE2650 /* Implementing Calculations */,
				A7F7315C1C19ED9D00EE2650 /* Implementing CalculationsTests */,
			);
		};
/* End PBXProject section */

/* Begin PBXResourcesBuildPhase section */
		A7F7313F1C19ED9D00EE2650 /* Resources */ = {
			isa = PBXResourcesBuildPhase;
			buildActionMask = 2147483647;
			files = (
				A7F731531C19ED9D00EE2650 /* Main.storyboard in Resources */,
				A7F731581C19ED9D00EE2650 /* LaunchScreen.xib in Resources */,
				A7F731551C19ED9D00EE2650 /* Images.xcassets in Resources */,
			);
			runOnlyForDeploymentPostprocessing = 0;
		};
		A7F7315B1C19ED9D00EE2650 /* Resources */ = {
			isa = PBXResourcesBuildPhase;
			buildActionMask = 2147483647;
			files = (
			);
			runOnlyForDeploymentPostprocessing = 0;
		};
/* End PBXResourcesBuildPhase section */

/* Begin PBXSourcesBuildPhase section */
		A7F7313D1C19ED9D00EE2650 /* Sources */ = {
			isa = PBXSourcesBuildPhase;
			buildActionMask = 2147483647;
			files = (
				A7D6E4331C1A47110003E78E /* TunaFishViewController.m in Sources */,
				A7F7314A1C19ED9D00EE2650 /* AppDelegate.m in Sources */,
				A7F7314D1C19ED9D00EE2650 /* Implementing_Calculations.xcdatamodeld in Sources */,
				A7F731501C19ED9D00EE2650 /* ViewController.m in Sources */,
				A7F731471C19ED9D00EE2650 /* main.m in Sources */,
			);
			runOnlyForDeploymentPostprocessing = 0;
		};
		A7F731591C19ED9D00EE2650 /* Sources */ = {
			isa = PBXSourcesBuildPhase;
			buildActionMask = 2147483647;
			files = (
				A7F731641C19ED9D00EE2650 /* Implementing_CalculationsTests.m in Sources */,
			);
			runOnlyForDeploymentPostprocessing = 0;
		};
/* End PBXSourcesBuildPhase section */

/* Begin PBXTargetDependency section */
		A7F7315F1C19ED9D00EE2650 /* PBXTargetDependency */ = {
			isa = PBXTargetDependency;
			target = A7F731401C19ED9D00EE2650 /* Implementing Calculations */;
			targetProxy = A7F7315E1C19ED9D00EE2650 /* PBXContainerItemProxy */;
		};
/* End PBXTargetDependency section */

/* Begin PBXVariantGroup section */
		A7F731511C19ED9D00EE2650 /* Main.storyboard */ = {
			isa = PBXVariantGroup;
			children = (
				A7F731521C19ED9D00EE2650 /* Base */,
			);
			name = Main.storyboard;
			sourceTree = "<group>";
		};
		A7F731561C19ED9D00EE2650 /* LaunchScreen.xib */ = {
			isa = PBXVariantGroup;
			children = (
				A7F731571C19ED9D00EE2650 /* Base */,
			);
			name = LaunchScreen.xib;
			sourceTree = "<group>";
		};
/* End PBXVariantGroup section */

/* Begin XCBuildConfiguration section */
		A7F731651C19ED9D00EE2650 /* Debug */ = {
			isa = XCBuildConfiguration;
			buildSettings = {
				ALWAYS_SEARCH_USER_PATHS = NO;
				CLANG_CXX_LANGUAGE_STANDARD = "gnu++0x";
				CLANG_CXX_LIBRARY = "libc++";
				CLANG_ENABLE_MODULES = YES;
				CLANG_ENABLE_OBJC_ARC = YES;
				CLANG_WARN_BOOL_CONVERSION = YES;
				CLANG_WARN_CONSTANT_CONVERSION = YES;
				CLANG_WARN_DIRECT_OBJC_ISA_USAGE = YES_ERROR;
				CLANG_WARN_EMPTY_BODY = YES;
				CLANG_WARN_ENUM_CONVERSION = YES;
				CLANG_WARN_INT_CONVERSION = YES;
				CLANG_WARN_OBJC_ROOT_CLASS = YES_ERROR;
				CLANG_WARN_UNREACHABLE_CODE = YES;
				CLANG_WARN__DUPLICATE_METHOD_MATCH = YES;
				"CODE_SIGN_IDENTITY[sdk=iphoneos*]" = "iPhone Developer";
				COPY_PHASE_STRIP = NO;
				DEBUG_INFORMATION_FORMAT = "dwarf-with-dsym";
				ENABLE_STRICT_OBJC_MSGSEND = YES;
				GCC_C_LANGUAGE_STANDARD = gnu99;
				GCC_DYNAMIC_NO_PIC = NO;
				GCC_NO_COMMON_BLOCKS = YES;
				GCC_OPTIMIZATION_LEVEL = 0;
				GCC_PREPROCESSOR_DEFINITIONS = (
					"DEBUG=1",
					"$(inherited)",
				);
				GCC_SYMBOLS_PRIVATE_EXTERN = NO;
				GCC_WARN_64_TO_32_BIT_CONVERSION = YES;
				GCC_WARN_ABOUT_RETURN_TYPE = YES_ERROR;
				GCC_WARN_UNDECLARED_SELECTOR = YES;
				GCC_WARN_UNINITIALIZED_AUTOS = YES_AGGRESSIVE;
				GCC_WARN_UNUSED_FUNCTION = YES;
				GCC_WARN_UNUSED_VARIABLE = YES;
				IPHONEOS_DEPLOYMENT_TARGET = 8.4;
				MTL_ENABLE_DEBUG_INFO = YES;
				ONLY_ACTIVE_ARCH = YES;
				SDKROOT = iphoneos;
				TARGETED_DEVICE_FAMILY = "1,2";
			};
			name = Debug;
		};
		A7F731661C19ED9D00EE2650 /* Release */ = {
			isa = XCBuildConfiguration;
			buildSettings = {
				ALWAYS_SEARCH_USER_PATHS = NO;
				CLANG_CXX_LANGUAGE_STANDARD = "gnu++0x";
				CLANG_CXX_LIBRARY = "libc++";
				CLANG_ENABLE_MODULES = YES;
				CLANG_ENABLE_OBJC_ARC = YES;
				CLANG_WARN_BOOL_CONVERSION = YES;
				CLANG_WARN_CONSTANT_CONVERSION = YES;
				CLANG_WARN_DIRECT_OBJC_ISA_USAGE = YES_ERROR;
				CLANG_WARN_EMPTY_BODY = YES;
				CLANG_WARN_ENUM_CONVERSION = YES;
				CLANG_WARN_INT_CONVERSION = YES;
				CLANG_WARN_OBJC_ROOT_CLASS = YES_ERROR;
				CLANG_WARN_UNREACHABLE_CODE = YES;
				CLANG_WARN__DUPLICATE_METHOD_MATCH = YES;
				"CODE_SIGN_IDENTITY[sdk=iphoneos*]" = "iPhone Developer";
				COPY_PHASE_STRIP = NO;
				DEBUG_INFORMATION_FORMAT = "dwarf-with-dsym";
				ENABLE_NS_ASSERTIONS = NO;
				ENABLE_STRICT_OBJC_MSGSEND = YES;
				GCC_C_LANGUAGE_STANDARD = gnu99;
				GCC_NO_COMMON_BLOCKS = YES;
				GCC_WARN_64_TO_32_BIT_CONVERSION = YES;
				GCC_WARN_ABOUT_RETURN_TYPE = YES_ERROR;
				GCC_WARN_UNDECLARED_SELECTOR = YES;
				GCC_WARN_UNINITIALIZED_AUTOS = YES_AGGRESSIVE;
				GCC_WARN_UNUSED_FUNCTION = YES;
				GCC_WARN_UNUSED_VARIABLE = YES;
				IPHONEOS_DEPLOYMENT_TARGET = 8.4;
				MTL_ENABLE_DEBUG_INFO = NO;
				SDKROOT = iphoneos;
				TARGETED_DEVICE_FAMILY = "1,2";
				VALIDATE_PRODUCT = YES;
			};
			name = Release;
		};
		A7F731681C19ED9D00EE2650 /* Debug */ = {
			isa = XCBuildConfiguration;
			buildSettings = {
				ASSETCATALOG_COMPILER_APPICON_NAME = AppIcon;
				INFOPLIST_FILE = "Implementing Calculations/Info.plist";
				LD_RUNPATH_SEARCH_PATHS = "$(inherited) @executable_path/Frameworks";
				PRODUCT_NAME = "$(TARGET_NAME)";
			};
			name = Debug;
		};
		A7F731691C19ED9D00EE2650 /* Release */ = {
			isa = XCBuildConfiguration;
			buildSettings = {
				ASSETCATALOG_COMPILER_APPICON_NAME = AppIcon;
				INFOPLIST_FILE = "Implementing Calculations/Info.plist";
				LD_RUNPATH_SEARCH_PATHS = "$(inherited) @executable_path/Frameworks";
				PRODUCT_NAME = "$(TARGET_NAME)";
			};
			name = Release;
		};
		A7F7316B1C19ED9D00EE2650 /* Debug */ = {
			isa = XCBuildConfiguration;
			buildSettings = {
				BUNDLE_LOADER = "$(TEST_HOST)";
				FRAMEWORK_SEARCH_PATHS = (
					"$(SDKROOT)/Developer/Library/Frameworks",
					"$(inherited)",
				);
				GCC_PREPROCESSOR_DEFINITIONS = (
					"DEBUG=1",
					"$(inherited)",
				);
				INFOPLIST_FILE = "Implementing CalculationsTests/Info.plist";
				LD_RUNPATH_SEARCH_PATHS = "$(inherited) @executable_path/Frameworks @loader_path/Frameworks";
				PRODUCT_NAME = "$(TARGET_NAME)";
				TEST_HOST = "$(BUILT_PRODUCTS_DIR)/Implementing Calculations.app/Implementing Calculations";
			};
			name = Debug;
		};
		A7F7316C1C19ED9D00EE2650 /* Release */ = {
			isa = XCBuildConfiguration;
			buildSettings = {
				BUNDLE_LOADER = "$(TEST_HOST)";
				FRAMEWORK_SEARCH_PATHS = (
					"$(SDKROOT)/Developer/Library/Frameworks",
					"$(inherited)",
				);
				INFOPLIST_FILE = "Implementing CalculationsTests/Info.plist";
				LD_RUNPATH_SEARCH_PATHS = "$(inherited) @executable_path/Frameworks @loader_path/Frameworks";
				PRODUCT_NAME = "$(TARGET_NAME)";
				TEST_HOST = "$(BUILT_PRODUCTS_DIR)/Implementing Calculations.app/Implementing Calculations";
			};
			name = Release;
		};
/* End XCBuildConfiguration section */

/* Begin XCConfigurationList section */
		A7F7313C1C19ED9D00EE2650 /* Build configuration list for PBXProject "Implementing Calculations" */ = {
			isa = XCConfigurationList;
			buildConfigurations = (
				A7F731651C19ED9D00EE2650 /* Debug */,
				A7F731661C19ED9D00EE2650 /* Release */,
			);
			defaultConfigurationIsVisible = 0;
			defaultConfigurationName = Release;
		};
		A7F731671C19ED9D00EE2650 /* Build configuration list for PBXNativeTarget "Implementing Calculations" */ = {
			isa = XCConfigurationList;
			buildConfigurations = (
				A7F731681C19ED9D00EE2650 /* Debug */,
				A7F731691C19ED9D00EE2650 /* Release */,
			);
			defaultConfigurationIsVisible = 0;
			defaultConfigurationName = Release;
		};
		A7F7316A1C19ED9D00EE2650 /* Build configuration list for PBXNativeTarget "Implementing CalculationsTests" */ = {
			isa = XCConfigurationList;
			buildConfigurations = (
				A7F7316B1C19ED9D00EE2650 /* Debug */,
				A7F7316C1C19ED9D00EE2650 /* Release */,
			);
			defaultConfigurationIsVisible = 0;
			defaultConfigurationName = Release;
		};
/* End XCConfigurationList section */

/* Begin XCVersionGroup section */
		A7F7314B1C19ED9D00EE2650 /* Implementing_Calculations.xcdatamodeld */ = {
			isa = XCVersionGroup;
			children = (
				A7F7314C1C19ED9D00EE2650 /* Implementing_Calculations.xcdatamodel */,
			);
			currentVersion = A7F7314C1C19ED9D00EE2650 /* Implementing_Calculations.xcdatamodel */;
			path = Implementing_Calculations.xcdatamodeld;
			sourceTree = "<group>";
			versionGroupType = wrapper.xcdatamodel;
		};
/* End XCVersionGroup section */
	};
	rootObject = A7F731391C19ED9D00EE2650 /* Project object */;
}
